github.com/apsdehal/go-logger v0.0.0-20190515212710-b0d6ccfee0e6 h1:qISSdUEX4sjDHfdD/vf65fhuCh3pIhiILDB7ktjJrqU=
github.com/apsdehal/go-logger v0.0.0-20190515212710-b0d6ccfee0e6/go.mod h1:U3/8D6R9+bVpX0ORZjV+3mU9pQ86m7h1lESgJbXNvXA=
github.com/fernet/fernet-go v0.0.0-20211208181803-9f70042a33ee h1:v6Eju/FhxsACGNipFEPBZZAzGr1F/jlRQr1qiBw2nEE=
github.com/fernet/fernet-go v0.0.0-20211208181803-9f70042a33ee/go.mod h1:2H9hjfbpSMHwY503FclkV/lZTBh2YlOmLLSda12uL8c=
github.com/go-sql-driver/mysql v1.6.0 h1:BCTh4TKNUYmOmMUcQ3IipzF5prigylS7XXjEkfCHuOE=
github.com/go-sql-driver/mysql v1.6.0/go.mod h1:DCzpHaOWr8IXmIStZouvnhqoel9Qv2LBy8hT2VhHyBg=
github.com/jmoiron/sqlx v1.3.5 h1:vFFPA71p1o5gAeqtEAwLU4dnX2napprKtHr7PYIcN3g=
github.com/jmoiron/sqlx v1.3.5/go.mod h1:nRVWtLre0KfCLJvgxzCsLVMogSvQ1zNJtpYr2Ccp0mQ=
github.com/lib/pq v1.2.0/go.mod h1:5WUZQaWbwv1U+lTReE5YruASi9Al49XbQIvNi/34Woo=
github.com/lib/pq v1.10.6 h1:jbk+ZieJ0D7EVGJYpL9QTz7/YW6UHbmdnZWYyK5cdBs=
github.com/lib/pq v1.10.6/go.mod h1:AlVN5x4E4T544tWzH6hKfbfQvm3HdbOxrmggDNAPY9o=
github.com/mattn/go-sqlite3 v1.14.6/go.mod h1:NyWgC/yNuGj7Q9rpYnZvas74GogHl5/Z4A/KQRfk6bU=
github.com/shridarpatil/rpc v0.0.0-20220829062755-e77f92f78499 h1:7jwbbdO6TuYIPzpgou0MmlojdKJtEWV9zyFNNXCV8UA=
github.com/shridarpatil/rpc v0.0.0-20220829062755-e77f92f78499/go.mod h1:3w7dPH6xcgsWKO6+KPD5Sz8kjckBkRsOqNT5YWkVqX0=
